
Microsoft Visual Studio Solution File, Format Version 12.00
# Visual Studio 15
VisualStudioVersion = 15.0.26430.12
MinimumVisualStudioVersion = 10.0.40219.1
Project("{9A19103F-16F7-4668-BE54-9A1E7A4F7556}") = "LoggerLite", "LoggerLite\LoggerLite.csproj", "{5E8C9006-06D0-45D5-9FEE-F32F9CA376C5}"
EndProject
Project("{9A19103F-16F7-4668-BE54-9A1E7A4F7556}") = "LoggerLite.xTest", "LoggerLite.xTest\LoggerLite.xTest.csproj", "{02F55669-31B5-4C10-AA27-FEB7C000007F}"
EndProject
Project("{9A19103F-16F7-4668-BE54-9A1E7A4F7556}") = "ConsoleLoggerTestHarness", "ConsoleLoggerTestHarness\ConsoleLoggerTestHarness.csproj", "{DC9DAD9C-86FA-4068-B135-3625D5594F56}"
EndProject
Project("{FAE04EC0-301F-11D3-BF4B-00C04F79EFBC}") = "HtmlLoggerTestHarness", "HtmlLoggerTestHarness\HtmlLoggerTestHarness.csproj", "{4C454313-C86E-4E9D-8EB4-E8BABE251B75}"
EndProject
Global
	GlobalSection(SolutionConfigurationPlatforms) = preSolution
		Debug|Any CPU = Debug|Any CPU
		Release|Any CPU = Release|Any CPU
	EndGlobalSection
	GlobalSection(ProjectConfigurationPlatforms) = postSolution
		{5E8C9006-06D0-45D5-9FEE-F32F9CA376C5}.Debug|Any CPU.ActiveCfg = Debug|Any CPU
		{5E8C9006-06D0-45D5-9FEE-F32F9CA376C5}.Debug|Any CPU.Build.0 = Debug|Any CPU
		{5E8C9006-06D0-45D5-9FEE-F32F9CA376C5}.Release|Any CPU.ActiveCfg = Release|Any CPU
		{5E8C9006-06D0-45D5-9FEE-F32F9CA376C5}.Release|Any CPU.Build.0 = Release|Any CPU
		{02F55669-31B5-4C10-AA27-FEB7C000007F}.Debug|Any CPU.ActiveCfg = Debug|Any CPU
		{02F55669-31B5-4C10-AA27-FEB7C000007F}.Debug|Any CPU.Build.0 = Debug|Any CPU
		{02F55669-31B5-4C10-AA27-FEB7C000007F}.Release|Any CPU.ActiveCfg = Release|Any CPU
		{02F55669-31B5-4C10-AA27-FEB7C000007F}.Release|Any CPU.Build.0 = Release|Any CPU
		{DC9DAD9C-86FA-4068-B135-3625D5594F56}.Debug|Any CPU.ActiveCfg = Debug|Any CPU
		{DC9DAD9C-86FA-4068-B135-3625D5594F56}.Debug|Any CPU.Build.0 = Debug|Any CPU
		{DC9DAD9C-86FA-4068-B135-3625D5594F56}.Release|Any CPU.ActiveCfg = Release|Any CPU
		{DC9DAD9C-86FA-4068-B135-3625D5594F56}.Release|Any CPU.Build.0 = Release|Any CPU
		{4C454313-C86E-4E9D-8EB4-E8BABE251B75}.Debug|Any CPU.ActiveCfg = Debug|Any CPU
		{4C454313-C86E-4E9D-8EB4-E8BABE251B75}.Debug|Any CPU.Build.0 = Debug|Any CPU
		{4C454313-C86E-4E9D-8EB4-E8BABE251B75}.Release|Any CPU.ActiveCfg = Release|Any CPU
		{4C454313-C86E-4E9D-8EB4-E8BABE251B75}.Release|Any CPU.Build.0 = Release|Any CPU
	EndGlobalSection
	GlobalSection(SolutionProperties) = preSolution
		HideSolutionNode = FALSE
	EndGlobalSection
	GlobalSection(ExtensibilityGlobals) = postSolution
		SolutionGuid = {1DAFFE2D-569E-4C98-B8E7-EEF85C3F2961}
	EndGlobalSection
EndGlobal
